
Microsoft Visual Studio Solution File, Format Version 12.00
# Visual Studio Version 17
VisualStudioVersion = 17.0.31903.59
MinimumVisualStudioVersion = 10.0.40219.1
Project("{2150E333-8FDC-42A3-9474-1A3956D46DE8}") = "src", "src", "{827E0CD3-B72D-47B6-A68D-7590B98EB39B}"
EndProject
Project("{FAE04EC0-301F-11D3-BF4B-00C04F79EFBC}") = "TimecodeBridge", "src\TimecodeBridge\TimecodeBridge.csproj", "{6B5F0897-8F65-4BE2-A68A-547E7B43DC8B}"
EndProject
Project("{FAE04EC0-301F-11D3-BF4B-00C04F79EFBC}") = "TimecodeBridge.Core", "src\TimecodeBridge.Core\TimecodeBridge.Core.csproj", "{A1B2C3D4-E5F6-4A5B-8C7D-9E0F1A2B3C4D}"
EndProject
Project("{2150E333-8FDC-42A3-9474-1A3956D46DE8}") = "tests", "tests", "{0AB3BF05-4346-4AA6-1389-037BE0695223}"
EndProject
Project("{FAE04EC0-301F-11D3-BF4B-00C04F79EFBC}") = "TimecodeBridge.Tests", "tests\TimecodeBridge.Tests\TimecodeBridge.Tests.csproj", "{4F72C569-0A87-462A-948A-4BFB6BE8AB26}"
EndProject
Project("{FAE04EC0-301F-11D3-BF4B-00C04F79EFBC}") = "TimecodeBridge.App", "src\TimecodeBridge.App\TimecodeBridge.App.csproj", "{A9F2FDD7-B975-404E-AD3F-AF2948C42B7E}"
EndProject
Project("{FAE04EC0-301F-11D3-BF4B-00C04F79EFBC}") = "TimecodeBridge.Windows", "src\TimecodeBridge.Windows\TimecodeBridge.Windows.csproj", "{362EBD71-E823-40FC-B0C1-5B9BF52CA56C}"
EndProject
Project("{FAE04EC0-301F-11D3-BF4B-00C04F79EFBC}") = "TimecodeBridge.App.Tests", "tests\TimecodeBridge.App.Tests\TimecodeBridge.App.Tests.csproj", "{8416A0AC-8FD1-4180-8F0F-C0F2ABA491C6}"
EndProject
Project("{FAE04EC0-301F-11D3-BF4B-00C04F79EFBC}") = "TimecodeBridge.Mac", "src\TimecodeBridge.Mac\TimecodeBridge.Mac.csproj", "{EA470577-04B1-4924-8816-8EEC0DC347DA}"
EndProject
Project("{FAE04EC0-301F-11D3-BF4B-00C04F79EFBC}") = "TimecodeBridge.Ltc", "src\TimecodeBridge.Ltc\TimecodeBridge.Ltc.csproj", "{E7B72AEF-502D-47B1-A36F-90F025B49E57}"
EndProject
Project("{FAE04EC0-301F-11D3-BF4B-00C04F79EFBC}") = "TimecodeBridge.Ltc.Tests", "tests\TimecodeBridge.Ltc.Tests\TimecodeBridge.Ltc.Tests.csproj", "{CC1FFC18-05EA-4841-BBC4-FBFC9551ADA9}"
EndProject
Global
	GlobalSection(SolutionConfigurationPlatforms) = preSolution
		Debug|Any CPU = Debug|Any CPU
		Debug|x64 = Debug|x64
		Debug|x86 = Debug|x86
		Release|Any CPU = Release|Any CPU
		Release|x64 = Release|x64
		Release|x86 = Release|x86
	EndGlobalSection
	GlobalSection(ProjectConfigurationPlatforms) = postSolution
		{6B5F0897-8F65-4BE2-A68A-547E7B43DC8B}.Debug|Any CPU.ActiveCfg = Debug|Any CPU
		{6B5F0897-8F65-4BE2-A68A-547E7B43DC8B}.Debug|Any CPU.Build.0 = Debug|Any CPU
		{6B5F0897-8F65-4BE2-A68A-547E7B43DC8B}.Debug|x64.ActiveCfg = Debug|Any CPU
		{6B5F0897-8F65-4BE2-A68A-547E7B43DC8B}.Debug|x64.Build.0 = Debug|Any CPU
		{6B5F0897-8F65-4BE2-A68A-547E7B43DC8B}.Debug|x86.ActiveCfg = Debug|Any CPU
		{6B5F0897-8F65-4BE2-A68A-547E7B43DC8B}.Debug|x86.Build.0 = Debug|Any CPU
		{6B5F0897-8F65-4BE2-A68A-547E7B43DC8B}.Release|Any CPU.ActiveCfg = Release|Any CPU
		{6B5F0897-8F65-4BE2-A68A-547E7B43DC8B}.Release|Any CPU.Build.0 = Release|Any CPU
		{6B5F0897-8F65-4BE2-A68A-547E7B43DC8B}.Release|x64.ActiveCfg = Release|Any CPU
		{6B5F0897-8F65-4BE2-A68A-547E7B43DC8B}.Release|x64.Build.0 = Release|Any CPU
		{6B5F0897-8F65-4BE2-A68A-547E7B43DC8B}.Release|x86.ActiveCfg = Release|Any CPU
		{6B5F0897-8F65-4BE2-A68A-547E7B43DC8B}.Release|x86.Build.0 = Release|Any CPU
		{A1B2C3D4-E5F6-4A5B-8C7D-9E0F1A2B3C4D}.Debug|Any CPU.ActiveCfg = Debug|Any CPU
		{A1B2C3D4-E5F6-4A5B-8C7D-9E0F1A2B3C4D}.Debug|Any CPU.Build.0 = Debug|Any CPU
		{A1B2C3D4-E5F6-4A5B-8C7D-9E0F1A2B3C4D}.Debug|x64.ActiveCfg = Debug|Any CPU
		{A1B2C3D4-E5F6-4A5B-8C7D-9E0F1A2B3C4D}.Debug|x64.Build.0 = Debug|Any CPU
		{A1B2C3D4-E5F6-4A5B-8C7D-9E0F1A2B3C4D}.Debug|x86.ActiveCfg = Debug|Any CPU
		{A1B2C3D4-E5F6-4A5B-8C7D-9E0F1A2B3C4D}.Debug|x86.Build.0 = Debug|Any CPU
		{A1B2C3D4-E5F6-4A5B-8C7D-9E0F1A2B3C4D}.Release|Any CPU.ActiveCfg = Release|Any CPU
		{A1B2C3D4-E5F6-4A5B-8C7D-9E0F1A2B3C4D}.Release|Any CPU.Build.0 = Release|Any CPU
		{A1B2C3D4-E5F6-4A5B-8C7D-9E0F1A2B3C4D}.Release|x64.ActiveCfg = Release|Any CPU
		{A1B2C3D4-E5F6-4A5B-8C7D-9E0F1A2B3C4D}.Release|x64.Build.0 = Release|Any CPU
		{A1B2C3D4-E5F6-4A5B-8C7D-9E0F1A2B3C4D}.Release|x86.ActiveCfg = Release|Any CPU
		{A1B2C3D4-E5F6-4A5B-8C7D-9E0F1A2B3C4D}.Release|x86.Build.0 = Release|Any CPU
		{4F72C569-0A87-462A-948A-4BFB6BE8AB26}.Debug|Any CPU.ActiveCfg = Debug|Any CPU
		{4F72C569-0A87-462A-948A-4BFB6BE8AB26}.Debug|Any CPU.Build.0 = Debug|Any CPU
		{4F72C569-0A87-462A-948A-4BFB6BE8AB26}.Debug|x64.ActiveCfg = Debug|Any CPU
		{4F72C569-0A87-462A-948A-4BFB6BE8AB26}.Debug|x64.Build.0 = Debug|Any CPU
		{4F72C569-0A87-462A-948A-4BFB6BE8AB26}.Debug|x86.ActiveCfg = Debug|Any CPU
		{4F72C569-0A87-462A-948A-4BFB6BE8AB26}.Debug|x86.Build.0 = Debug|Any CPU
		{4F72C569-0A87-462A-948A-4BFB6BE8AB26}.Release|Any CPU.ActiveCfg = Release|Any CPU
		{4F72C569-0A87-462A-948A-4BFB6BE8AB26}.Release|Any CPU.Build.0 = Release|Any CPU
		{4F72C569-0A87-462A-948A-4BFB6BE8AB26}.Release|x64.ActiveCfg = Release|Any CPU
		{4F72C569-0A87-462A-948A-4BFB6BE8AB26}.Release|x64.Build.0 = Release|Any CPU
		{4F72C569-0A87-462A-948A-4BFB6BE8AB26}.Release|x86.ActiveCfg = Release|Any CPU
		{4F72C569-0A87-462A-948A-4BFB6BE8AB26}.Release|x86.Build.0 = Release|Any CPU
		{A9F2FDD7-B975-404E-AD3F-AF2948C42B7E}.Debug|Any CPU.ActiveCfg = Debug|Any CPU
		{A9F2FDD7-B975-404E-AD3F-AF2948C42B7E}.Debug|Any CPU.Build.0 = Debug|Any CPU
		{A9F2FDD7-B975-404E-AD3F-AF2948C42B7E}.Debug|x64.ActiveCfg = Debug|Any CPU
		{A9F2FDD7-B975-404E-AD3F-AF2948C42B7E}.Debug|x64.Build.0 = Debug|Any CPU
		{A9F2FDD7-B975-404E-AD3F-AF2948C42B7E}.Debug|x86.ActiveCfg = Debug|Any CPU
		{A9F2FDD7-B975-404E-AD3F-AF2948C42B7E}.Debug|x86.Build.0 = Debug|Any CPU
		{A9F2FDD7-B975-404E-AD3F-AF2948C42B7E}.Release|Any CPU.ActiveCfg = Release|Any CPU
		{A9F2FDD7-B975-404E-AD3F-AF2948C42B7E}.Release|Any CPU.Build.0 = Release|Any CPU
		{A9F2FDD7-B975-404E-AD3F-AF2948C42B7E}.Release|x64.ActiveCfg = Release|Any CPU
		{A9F2FDD7-B975-404E-AD3F-AF2948C42B7E}.Release|x64.Build.0 = Release|Any CPU
		{A9F2FDD7-B975-404E-AD3F-AF2948C42B7E}.Release|x86.ActiveCfg = Release|Any CPU
		{A9F2FDD7-B975-404E-AD3F-AF2948C42B7E}.Release|x86.Build.0 = Release|Any CPU
		{362EBD71-E823-40FC-B0C1-5B9BF52CA56C}.Debug|Any CPU.ActiveCfg = Debug|Any CPU
		{362EBD71-E823-40FC-B0C1-5B9BF52CA56C}.Debug|Any CPU.Build.0 = Debug|Any CPU
		{362EBD71-E823-40FC-B0C1-5B9BF52CA56C}.Debug|x64.ActiveCfg = Debug|Any CPU
		{362EBD71-E823-40FC-B0C1-5B9BF52CA56C}.Debug|x64.Build.0 = Debug|Any CPU
		{362EBD71-E823-40FC-B0C1-5B9BF52CA56C}.Debug|x86.ActiveCfg = Debug|Any CPU
		{362EBD71-E823-40FC-B0C1-5B9BF52CA56C}.Debug|x86.Build.0 = Debug|Any CPU
		{362EBD71-E823-40FC-B0C1-5B9BF52CA56C}.Release|Any CPU.ActiveCfg = Release|Any CPU
		{362EBD71-E823-40FC-B0C1-5B9BF52CA56C}.Release|Any CPU.Build.0 = Release|Any CPU
		{362EBD71-E823-40FC-B0C1-5B9BF52CA56C}.Release|x64.ActiveCfg = Release|Any CPU
		{362EBD71-E823-40FC-B0C1-5B9BF52CA56C}.Release|x64.Build.0 = Release|Any CPU
		{362EBD71-E823-40FC-B0C1-5B9BF52CA56C}.Release|x86.ActiveCfg = Release|Any CPU
		{362EBD71-E823-40FC-B0C1-5B9BF52CA56C}.Release|x86.Build.0 = Release|Any CPU
		{8416A0AC-8FD1-4180-8F0F-C0F2ABA491C6}.Debug|Any CPU.ActiveCfg = Debug|Any CPU
		{8416A0AC-8FD1-4180-8F0F-C0F2ABA491C6}.Debug|Any CPU.Build.0 = Debug|Any CPU
		{8416A0AC-8FD1-4180-8F0F-C0F2ABA491C6}.Debug|x64.ActiveCfg = Debug|Any CPU
		{8416A0AC-8FD1-4180-8F0F-C0F2ABA491C6}.Debug|x64.Build.0 = Debug|Any CPU
		{8416A0AC-8FD1-4180-8F0F-C0F2ABA491C6}.Debug|x86.ActiveCfg = Debug|Any CPU
		{8416A0AC-8FD1-4180-8F0F-C0F2ABA491C6}.Debug|x86.Build.0 = Debug|Any CPU
		{8416A0AC-8FD1-4180-8F0F-C0F2ABA491C6}.Release|Any CPU.ActiveCfg = Release|Any CPU
		{8416A0AC-8FD1-4180-8F0F-C0F2ABA491C6}.Release|Any CPU.Build.0 = Release|Any CPU
		{8416A0AC-8FD1-4180-8F0F-C0F2ABA491C6}.Release|x64.ActiveCfg = Release|Any CPU
		{8416A0AC-8FD1-4180-8F0F-C0F2ABA491C6}.Release|x64.Build.0 = Release|Any CPU
		{8416A0AC-8FD1-4180-8F0F-C0F2ABA491C6}.Release|x86.ActiveCfg = Release|Any CPU
		{8416A0AC-8FD1-4180-8F0F-C0F2ABA491C6}.Release|x86.Build.0 = Release|Any CPU
		{EA470577-04B1-4924-8816-8EEC0DC347DA}.Debug|Any CPU.ActiveCfg = Debug|Any CPU
		{EA470577-04B1-4924-8816-8EEC0DC347DA}.Debug|Any CPU.Build.0 = Debug|Any CPU
		{EA470577-04B1-4924-8816-8EEC0DC347DA}.Debug|x64.ActiveCfg = Debug|Any CPU
		{EA470577-04B1-4924-8816-8EEC0DC347DA}.Debug|x64.Build.0 = Debug|Any CPU
		{EA470577-04B1-4924-8816-8EEC0DC347DA}.Debug|x86.ActiveCfg = Debug|Any CPU
		{EA470577-04B1-4924-8816-8EEC0DC347DA}.Debug|x86.Build.0 = Debug|Any CPU
		{EA470577-04B1-4924-8816-8EEC0DC347DA}.Release|Any CPU.ActiveCfg = Release|Any CPU
		{EA470577-04B1-4924-8816-8EEC0DC347DA}.Release|Any CPU.Build.0 = Release|Any CPU
		{EA470577-04B1-4924-8816-8EEC0DC347DA}.Release|x64.ActiveCfg = Release|Any CPU
		{EA470577-04B1-4924-8816-8EEC0DC347DA}.Release|x64.Build.0 = Release|Any CPU
		{EA470577-04B1-4924-8816-8EEC0DC347DA}.Release|x86.ActiveCfg = Release|Any CPU
		{EA470577-04B1-4924-8816-8EEC0DC347DA}.Release|x86.Build.0 = Release|Any CPU
		{E7B72AEF-502D-47B1-A36F-90F025B49E57}.Debug|Any CPU.ActiveCfg = Debug|Any CPU
		{E7B72AEF-502D-47B1-A36F-90F025B49E57}.Debug|Any CPU.Build.0 = Debug|Any CPU
		{E7B72AEF-502D-47B1-A36F-90F025B49E57}.Debug|x64.ActiveCfg = Debug|Any CPU
		{E7B72AEF-502D-47B1-A36F-90F025B49E57}.Debug|x64.Build.0 = Debug|Any CPU
		{E7B72AEF-502D-47B1-A36F-90F025B49E57}.Debug|x86.ActiveCfg = Debug|Any CPU
		{E7B72AEF-502D-47B1-A36F-90F025B49E57}.Debug|x86.Build.0 = Debug|Any CPU
		{E7B72AEF-502D-47B1-A36F-90F025B49E57}.Release|Any CPU.ActiveCfg = Release|Any CPU
		{E7B72AEF-502D-47B1-A36F-90F025B49E57}.Release|Any CPU.Build.0 = Release|Any CPU
		{E7B72AEF-502D-47B1-A36F-90F025B49E57}.Release|x64.ActiveCfg = Release|Any CPU
		{E7B72AEF-502D-47B1-A36F-90F025B49E57}.Release|x64.Build.0 = Release|Any CPU
		{E7B72AEF-502D-47B1-A36F-90F025B49E57}.Release|x86.ActiveCfg = Release|Any CPU
		{E7B72AEF-502D-47B1-A36F-90F025B49E57}.Release|x86.Build.0 = Release|Any CPU
		{CC1FFC18-05EA-4841-BBC4-FBFC9551ADA9}.Debug|Any CPU.ActiveCfg = Debug|Any CPU
		{CC1FFC18-05EA-4841-BBC4-FBFC9551ADA9}.Debug|Any CPU.Build.0 = Debug|Any CPU
		{CC1FFC18-05EA-4841-BBC4-FBFC9551ADA9}.Debug|x64.ActiveCfg = Debug|Any CPU
		{CC1FFC18-05EA-4841-BBC4-FBFC9551ADA9}.Debug|x64.Build.0 = Debug|Any CPU
		{CC1FFC18-05EA-4841-BBC4-FBFC9551ADA9}.Debug|x86.ActiveCfg = Debug|Any CPU
		{CC1FFC18-05EA-4841-BBC4-FBFC9551ADA9}.Debug|x86.Build.0 = Debug|Any CPU
		{CC1FFC18-05EA-4841-BBC4-FBFC9551ADA9}.Release|Any CPU.ActiveCfg = Release|Any CPU
		{CC1FFC18-05EA-4841-BBC4-FBFC9551ADA9}.Release|Any CPU.Build.0 = Release|Any CPU
		{CC1FFC18-05EA-4841-BBC4-FBFC9551ADA9}.Release|x64.ActiveCfg = Release|Any CPU
		{CC1FFC18-05EA-4841-BBC4-FBFC9551ADA9}.Release|x64.Build.0 = Release|Any CPU
		{CC1FFC18-05EA-4841-BBC4-FBFC9551ADA9}.Release|x86.ActiveCfg = Release|Any CPU
		{CC1FFC18-05EA-4841-BBC4-FBFC9551ADA9}.Release|x86.Build.0 = Release|Any CPU
	EndGlobalSection
	GlobalSection(SolutionProperties) = preSolution
		HideSolutionNode = FALSE
	EndGlobalSection
	GlobalSection(NestedProjects) = preSolution
		{6B5F0897-8F65-4BE2-A68A-547E7B43DC8B} = {827E0CD3-B72D-47B6-A68D-7590B98EB39B}
		{A1B2C3D4-E5F6-4A5B-8C7D-9E0F1A2B3C4D} = {827E0CD3-B72D-47B6-A68D-7590B98EB39B}
		{4F72C569-0A87-462A-948A-4BFB6BE8AB26} = {0AB3BF05-4346-4AA6-1389-037BE0695223}
		{A9F2FDD7-B975-404E-AD3F-AF2948C42B7E} = {827E0CD3-B72D-47B6-A68D-7590B98EB39B}
		{362EBD71-E823-40FC-B0C1-5B9BF52CA56C} = {827E0CD3-B72D-47B6-A68D-7590B98EB39B}
		{8416A0AC-8FD1-4180-8F0F-C0F2ABA491C6} = {0AB3BF05-4346-4AA6-1389-037BE0695223}
		{EA470577-04B1-4924-8816-8EEC0DC347DA} = {827E0CD3-B72D-47B6-A68D-7590B98EB39B}
		{E7B72AEF-502D-47B1-A36F-90F025B49E57} = {827E0CD3-B72D-47B6-A68D-7590B98EB39B}
		{CC1FFC18-05EA-4841-BBC4-FBFC9551ADA9} = {0AB3BF05-4346-4AA6-1389-037BE0695223}
	EndGlobalSection
EndGlobal
